
Microsoft Visual Studio Solution File, Format Version 12.00
# Visual Studio Version 17
VisualStudioVersion = 17.1.32210.238
MinimumVisualStudioVersion = 10.0.40219.1
Project("{FAE04EC0-301F-11D3-BF4B-00C04F79EFBC}") = "ProductionEntryWorkerService", "ProductionEntryWorkerService.csproj", "{700E0761-272B-4F55-A68B-223D9E22CC31}"
EndProject
Global
	GlobalSection(SolutionConfigurationPlatforms) = preSolution
		Debug|Any CPU = Debug|Any CPU
		Release|Any CPU = Release|Any CPU
	EndGlobalSection
	GlobalSection(ProjectConfigurationPlatforms) = postSolution
		{700E0761-272B-4F55-A68B-223D9E22CC31}.Debug|Any CPU.ActiveCfg = Debug|Any CPU
		{700E0761-272B-4F55-A68B-223D9E22CC31}.Debug|Any CPU.Build.0 = Debug|Any CPU
		{700E0761-272B-4F55-A68B-223D9E22CC31}.Release|Any CPU.ActiveCfg = Release|Any CPU
		{700E0761-272B-4F55-A68B-223D9E22CC31}.Release|Any CPU.Build.0 = Release|Any CPU
	EndGlobalSection
	GlobalSection(SolutionProperties) = preSolution
		HideSolutionNode = FALSE
	EndGlobalSection
	GlobalSection(ExtensibilityGlobals) = postSolution
		SolutionGuid = {C5BA1F71-1D8B-4801-B612-A33DAB19258A}
	EndGlobalSection
EndGlobal
